
Microsoft Visual Studio Solution File, Format Version 12.00
# Visual Studio 15
VisualStudioVersion = 15.0.26430.16
MinimumVisualStudioVersion = 10.0.40219.1
Project("{FAE04EC0-301F-11D3-BF4B-00C04F79EFBC}") = "Unzip", "Unzip\Unzip.csproj", "{18CC3738-B2C1-45A5-8A11-7ED6D84C8797}"
EndProject
Global
	GlobalSection(SolutionConfigurationPlatforms) = preSolution
		Debug|Any CPU = Debug|Any CPU
		Debug|x86 = Debug|x86
		Release|Any CPU = Release|Any CPU
		Release|x86 = Release|x86
	EndGlobalSection
	GlobalSection(ProjectConfigurationPlatforms) = postSolution
		{18CC3738-B2C1-45A5-8A11-7ED6D84C8797}.Debug|Any CPU.ActiveCfg = Debug|Any CPU
		{18CC3738-B2C1-45A5-8A11-7ED6D84C8797}.Debug|Any CPU.Build.0 = Debug|Any CPU
		{18CC3738-B2C1-45A5-8A11-7ED6D84C8797}.Debug|x86.ActiveCfg = Debug|x86
		{18CC3738-B2C1-45A5-8A11-7ED6D84C8797}.Debug|x86.Build.0 = Debug|x86
		{18CC3738-B2C1-45A5-8A11-7ED6D84C8797}.Release|Any CPU.ActiveCfg = Release|Any CPU
		{18CC3738-B2C1-45A5-8A11-7ED6D84C8797}.Release|Any CPU.Build.0 = Release|Any CPU
		{18CC3738-B2C1-45A5-8A11-7ED6D84C8797}.Release|x86.ActiveCfg = Release|x86
		{18CC3738-B2C1-45A5-8A11-7ED6D84C8797}.Release|x86.Build.0 = Release|x86
	EndGlobalSection
	GlobalSection(SolutionProperties) = preSolution
		HideSolutionNode = FALSE
	EndGlobalSection
	GlobalSection(ExtensibilityGlobals) = postSolution
		SolutionGuid = {6FB09F42-36D6-4EE3-AB31-89C2B8C947FD}
	EndGlobalSection
EndGlobal
